github.com/atavakoliyext/gazelle-bugreport-2-dep v1.0.0 h1:sgu39al9ym392C/Egcfd9G7OWplH0mfMUKKNEJt7u0I=
github.com/atavakoliyext/gazelle-bugreport-2-dep v1.0.0/go.mod h1:G5e2JBGbSYFVZ7a8B3k/szZwBP+JEF9d2nm5uOEaOek=
github.com/atavakoliyext/gazelle-bugreport-2-fork v1.0.1-fork.1 h1:yPwGfGNpY4mE+lOYeulcd68J+TMyxlzBI9z8+8b626I=
github.com/atavakoliyext/gazelle-bugreport-2-fork v1.0.1-fork.1/go.mod h1:3fW4j3rmNJRMVFuGn36dkDdEZzaAI1i3r/JyD5uDpLM=
